
Microsoft Visual Studio Solution File, Format Version 12.00
# Visual Studio Version 16
VisualStudioVersion = 16.0.30517.126
MinimumVisualStudioVersion = 10.0.40219.1
Project("{9A19103F-16F7-4668-BE54-9A1E7A4F7556}") = "WEBAPI", "WEBAPI.csproj", "{CA211FE7-FA64-43C7-A2B9-39D595861073}"
EndProject
Project("{FAE04EC0-301F-11D3-BF4B-00C04F79EFBC}") = "XUnitTestProject1", "..\XUnitTestProject1\XUnitTestProject1.csproj", "{A7FC5E78-C0DF-410C-B123-27035005EB42}"
EndProject
Global
	GlobalSection(SolutionConfigurationPlatforms) = preSolution
		Debug|Any CPU = Debug|Any CPU
		Release|Any CPU = Release|Any CPU
	EndGlobalSection
	GlobalSection(ProjectConfigurationPlatforms) = postSolution
		{CA211FE7-FA64-43C7-A2B9-39D595861073}.Debug|Any CPU.ActiveCfg = Debug|Any CPU
		{CA211FE7-FA64-43C7-A2B9-39D595861073}.Debug|Any CPU.Build.0 = Debug|Any CPU
		{CA211FE7-FA64-43C7-A2B9-39D595861073}.Release|Any CPU.ActiveCfg = Release|Any CPU
		{CA211FE7-FA64-43C7-A2B9-39D595861073}.Release|Any CPU.Build.0 = Release|Any CPU
		{A7FC5E78-C0DF-410C-B123-27035005EB42}.Debug|Any CPU.ActiveCfg = Debug|Any CPU
		{A7FC5E78-C0DF-410C-B123-27035005EB42}.Debug|Any CPU.Build.0 = Debug|Any CPU
		{A7FC5E78-C0DF-410C-B123-27035005EB42}.Release|Any CPU.ActiveCfg = Release|Any CPU
		{A7FC5E78-C0DF-410C-B123-27035005EB42}.Release|Any CPU.Build.0 = Release|Any CPU
	EndGlobalSection
	GlobalSection(SolutionProperties) = preSolution
		HideSolutionNode = FALSE
	EndGlobalSection
	GlobalSection(ExtensibilityGlobals) = postSolution
		SolutionGuid = {A26033ED-4421-4F5A-97B4-F01D5E162B6E}
	EndGlobalSection
EndGlobal
